
Microsoft Visual Studio Solution File, Format Version 12.00
# Visual Studio Version 17
VisualStudioVersion = 17.4.33103.184
MinimumVisualStudioVersion = 10.0.40219.1
Project("{FAE04EC0-301F-11D3-BF4B-00C04F79EFBC}") = "SerialComPort", "SerialComPort.csproj", "{F3C79B75-9ABC-47CC-823B-BF3D3A1690C1}"
EndProject
Global
	GlobalSection(SolutionConfigurationPlatforms) = preSolution
		Debug|Any CPU = Debug|Any CPU
		Release|Any CPU = Release|Any CPU
	EndGlobalSection
	GlobalSection(ProjectConfigurationPlatforms) = postSolution
		{F3C79B75-9ABC-47CC-823B-BF3D3A1690C1}.Debug|Any CPU.ActiveCfg = Debug|Any CPU
		{F3C79B75-9ABC-47CC-823B-BF3D3A1690C1}.Debug|Any CPU.Build.0 = Debug|Any CPU
		{F3C79B75-9ABC-47CC-823B-BF3D3A1690C1}.Release|Any CPU.ActiveCfg = Release|Any CPU
		{F3C79B75-9ABC-47CC-823B-BF3D3A1690C1}.Release|Any CPU.Build.0 = Release|Any CPU
	EndGlobalSection
	GlobalSection(SolutionProperties) = preSolution
		HideSolutionNode = FALSE
	EndGlobalSection
	GlobalSection(ExtensibilityGlobals) = postSolution
		SolutionGuid = {34AB357D-51EC-41E9-85CA-272E7FA57834}
	EndGlobalSection
EndGlobal
